{
    "_meta": {
        "hash": {
            "sha256": "dae8596bd0a68c4890af2f4beded4c04f85979ecff7b8e34fc83777d57ac9971"
        },
        "pipfile-spec": 6,
        "requires": {
            "python_version": "3"
        },
        "sources": [
            {
                "name": "pypi",
                "url": "https://pypi.org/simple",
                "verify_ssl": true
            }
        ]
    },
    "default": {
        "aggdraw": {
            "hashes": [
                "sha256:02ad4b31804a815d4e802a29893e3d2ebcb186691e7a4843746cd11ccec55aeb",
                "sha256:0510db8ad1030532e7ed104a9ca09f4b6691bc179955c351e45e34ec7184c70b",
                "sha256:0db0fd497fc919d4d353b41c4af62754cbbf2dee7c23f63505dd5ec6bb1a4d4d",
                "sha256:0ec16d58854522b582e4c83e7c8e2086c07ec0fe1a119c2de5a3287c2f52f422",
                "sha256:0ecdafedf9723a6231dbc02bd2a0ef114c87c5dcab1a2ce3d46e4b9efb823ddb",
                "sha256:1d15b673003ed5a205ac20e158a74afb29d7da21a6210878dfcddd91c92d1be0",
                "sha256:1ffc197a5463b8316a702a28f7297d717f479622c665ad35a53d120fb4eaf6ca",
                "sha256:20cab8d1b830fd42ded4841891194414186a3520cb1f6bfc72f415739c1acb51",
                "sha256:35308909cf9a78d3499d00394683e71cafff9353cfefb8cd51d03547253513d9",
                "sha256:397e2434dd94f0368cd0d77873a0f9343452181a27bedb4243a956f542f4e665",
                "sha256:3e192690812b57da9cbef69966b0b91578aceab69af1235edd406c12309b555c",
                "sha256:429fe14093f74df52840706cb644a33a42c98626e9f0b16673de576c92892f68",
                "sha256:45088606a496c26fdd398e17b8d0a9608b43ebd9831ea0b167ba8b1e789ea37e",
                "sha256:6f77d925fc57fc1bc4345f02b84e30e55aa24334e1aa923cc72ebbb61445acea",
                "sha256:867aa70f189b97de52ef55629990706ee331bb2693fd8e4456f9738c626e8293",
                "sha256:8bd59e39d955bb7c84b5c2582c52111a591b883eca508268399d8afda2dd8ea8",
                "sha256:93c1246f5877b4ff9b2773fa1a16c012a4efe8ab9eddb310e1341b529d2d9b58",
                "sha256:9aba19855e6b23c36e18a9462ad319ad11a7c222d33341ae21a5669840e5018d",
                "sha256:c83c9f50ae249d9821037461ec4050a6b56173f4223d9985aa46b096fb548451",
                "sha256:d9628cd3acc63e05d2391c8f3a8d0ef64b37798eea9bc8c69acf242203d0758f",
                "sha256:e0771ce1ddbbc30df37a0122c736d2ea332e15d0fe3d0f3e8b5730ca6129893d",
                "sha256:f1a6ce32c692da750eb64fb5f4a37e82e7964e043e283a1496fddd813ae84c75",
                "sha256:f4daec70913d96a147eebf6e55c9dca54c6bd4b5337cc4565293444378d2f84f",
                "sha256:fb48f079637803354fc001dc162efbac8904fe53bec12d668be77016c0ee3da2",
                "sha256:fda5090d06c5a603af1cd83754b82aed6be2d4e4a5a43def13aded3085f5d450"
            ],
            "markers": "python_version >= '3.7'",
            "version": "==1.3.15"
        },
        "attrs": {
            "hashes": [
                "sha256:29e95c7f6778868dbd49170f98f8818f78f3dc5e0e37c0b1f474e3561b240836",
                "sha256:c9227bfc2f01993c03f68db37d1d15c9690188323c067c641f1a35ca58185f99"
            ],
            "markers": "python_version >= '3.6'",
            "version": "==22.2.0"
        },
        "click": {
            "hashes": [
                "sha256:7682dc8afb30297001674575ea00d1814d808d6a36af415a82bd481d37ba7b8e",
                "sha256:bb4d8133cb15a609f44e8213d9b391b0809795062913b383c62be0ee95b1db48"
            ],
            "markers": "python_version >= '3.7'",
            "version": "==8.1.3"
        },
        "colorama": {
            "hashes": [
                "sha256:08695f5cb7ed6e0531a20572697297273c47b8cae5a63ffc6d6ed5c201be6e44",
                "sha256:4f1d9991f5acc0ca119f9d443620b77f9d6b33703e51011c16baf57afb285fc6"
            ],
            "markers": "platform_system == 'Windows'",
            "version": "==0.4.6"
        },
        "crcmod": {
            "hashes": [
                "sha256:50586ab48981f11e5b117523d97bb70864a2a1af246cf6e4f5c4a21ef4611cd1",
                "sha256:69a2e5c6c36d0f096a7beb4cd34e5f882ec5fd232efb710cdb85d4ff196bd52e",
                "sha256:737fb308fa2ce9aed2e29075f0d5980d4a89bfbec48a368c607c5c63b3efb90e",
                "sha256:dc7051a0db5f2bd48665a990d3ec1cc305a466a77358ca4492826f41f283601e"
            ],
            "version": "==1.7"
        },
        "docopt": {
            "hashes": [
                "sha256:49b3a825280bd66b3aa83585ef59c4a8c82f2c8a522dbe754a8bc8d08c85c491"
            ],
            "version": "==0.6.2"
        },
        "hacktools": {
            "extras": [
                "graphics",
                "nds",
                "xdelta"
            ],
            "hashes": [
                "sha256:01a44c284c3992eb1270e1657de7319800ce9e16c7301d204b537f2d0b30b58f",
                "sha256:04491fe87ea921511890d9fe659fee3e4c8b6055e202f8421297b6f4e741ae7b",
                "sha256:05f5c5af5f3771c4e46f4e894c508933d1a18b8bf82f03d8fac4409aee1f278c",
                "sha256:07d6345035b3ae107b41849227578bf2b2dee8d79a18d90d5c768f7c23e222eb",
                "sha256:08d401e3d1fc269907f96bf855a0abaa7c40442f14b02a2ea84c2f7d2e723f2a",
                "sha256:09b807d1a882e7f2bc161ee6a5a9ccca70b049dfa582aa50f58e41aeab556640",
                "sha256:16c32f9c5430800858a8161c30d79b75b0723c5edddac726b7b20bd64151cab9",
                "sha256:1f9641d2dacb085ad1d561d7ef0f5567ecf89975b7b51bb9758e9db379edf88d",
                "sha256:2f4aeea50e1d27c87f882542614f8a7ccc549edf225d733a015a24abe05fa5fd",
                "sha256:2f7e08115655b2748bd59c0fd685ea878eeedddfcd882f07c8000d29724bcb67",
                "sha256:30e39f8161c6db1b308c55004c471f938603307bbf73cbf11b6a37b9078f2b96",
                "sha256:3d30cc642737c4bc5d30804538f568c92c070507a2048074abc510658ca5a3d8",
                "sha256:3fedadb87005cb4ec2fb8b3a6e00357357937bf5ce2e669bb765392ea2d45f41",
                "sha256:4313aec0452469927a2c245da144ea807d8839a526a2502e1ed61360a1cdef26",
                "sha256:439927674ea34d36ee7e3c09237c89f6cbfe042937864604f3973ccf439af8e6",
                "sha256:58b9a6249567a1cd062a102d77e41e808c5df19a945e624ddd17df255419f187",
                "sha256:58c32260b552c320fca37014574a29283dc65ade343169f7299bf42f2ea865d4",
                "sha256:5a406bf3148fd91070e7dacbaa4a07de0742ad76dc737a89246f71e1cf38812d",
                "sha256:60e236fa86ec73664e24ae6c06d35171f016644901b8c4214290b65619a798b6",
                "sha256:65148ce71c0c26f5beff7ecf6012da117933b4ebc79e8bc94a4baa06c585a415",
                "sha256:6f5b3499a36ddca255b34a3db77076c0814b598dcc75bb1310a3858bbd25636b",
                "sha256:7643ae4e66a06508a3d3e8783e733e5cd930a5fd0616de61fb2c93e5bb0bbca0",
                "sha256:76d396ab50ea1dbcd5dc86fe6b839c56bf3131d9dc3e179c7aeb482644e98bd9",
                "sha256:8233d6351f7835daa51397f91d7a33631c7fa7401f928580fe189d3d40390543",
                "sha256:8311fadeb144f8308762265ea0ba937849db9bc4f8d3f5e2327b6ce82464b5dd",
                "sha256:89d4baad03c3920cedf59e9432663820832510597154e485f32f8b7f2d9d663b",
                "sha256:8c502d89a094b5447f90cbc5cfbec8f7c66bae1952349c3dd427ce63e2161864",
                "sha256:8d3ade59b6b9df3a0802f8bdbcedae2fc09c53965ae437e902d44b7a1d1470dc",
                "sha256:902aef407f5abc593209a049a0fd79d7af4e5d995780bda8cd63e685e54950e9",
                "sha256:91101c752ae8d1305339152dbfa049f720bd719c9c38f9180cf7ab3f95aa47f2",
                "sha256:9d8823d59634a35218a26a85058faaaf6e1182e74e7e0dad6a3383222b1284bc",
                "sha256:9ef4daeb6610b6785a676bc73a8f5035509f534cd0f3e5b00c04658f6938c7c4",
                "sha256:a07d5b06b211c80d5f1b4fd609e8e44101c783e6c95e6a34daca86959337084e",
                "sha256:a32adfdca3b3271fb0fecbaea04839c153c470ba240825ad2c52fa5a7646fc3a",
                "sha256:af5d5665c45ed27e40fe3f745c773ae0573ebe906855597ef839a7659f729257",
                "sha256:b6888df8e907bccf64be18295b2f2e61282aaaa00179f3863a2ee5d3e91515e9",
                "sha256:c81d41483955f3098b102de658033edc44dfc9281a9dd0605b911dd8e73af584",
                "sha256:cf6083bc3e3e42942f8316dbcfc613742cbe8fc80eb0bdffefbd138a45ae612a",
                "sha256:cfc6a06e6e899265faa3649dc6b53ce055becdeffb5a7f5814ac57ae60cf5f24",
                "sha256:d216cdce2ceac97d8fd8d8fe7b5928912b3e6377ceb825e5f4691c8344953eb9",
                "sha256:d2d108f9f4bfce0281e32071636a5b81fb2254393f4007cc5789a637a483ce89",
                "sha256:d39d12ec27cab27a11215e95a0a3174a584ba43a3e243e2f400410502a8b20db",
                "sha256:d5337eb8fc6d66a8e998cad32c059da5e93aaaeddb2d5f82c7921ca592ae23c6",
                "sha256:d73259df2e480b674c9de90e37dfd568a3de837a57f3b092d7d5d3423c1d0415",
                "sha256:da0d85d59b293e41daa89864ebc618f1b6fe52468f45fcb083834ca13f8bc66e",
                "sha256:da2588e0360ddeb26cd1d8568f470fabc53c8627d76569683df1bf5ecc96fd90",
                "sha256:e4d513889decdef768cce914db632e6c6821ba61687a3c3ba130a39cc4568ad1",
                "sha256:eb6db69073644b717683d27cd8802c5c24d9204269b8725d4eb62bc16d045b0d"
            ],
            "index": "pypi",
            "version": "==0.27.2"
        },
        "ndspy": {
            "hashes": [
                "sha256:b928721fe0bdbbdd9b1b6568d1395a72fa74d0781db345286f6ce2f7be8a23ac",
                "sha256:de53676e262ed88151526c4f5118fa9beaa8a301855d32cfdc623e4bd6de2991"
            ],
            "version": "==4.0.0"
        },
        "pillow": {
            "hashes": [
                "sha256:013016af6b3a12a2f40b704677f8b51f72cb007dac785a9933d5c86a72a7fe33",
                "sha256:0845adc64fe9886db00f5ab68c4a8cd933ab749a87747555cec1c95acea64b0b",
                "sha256:0884ba7b515163a1a05440a138adeb722b8a6ae2c2b33aea93ea3118dd3a899e",
                "sha256:09b89ddc95c248ee788328528e6a2996e09eaccddeeb82a5356e92645733be35",
                "sha256:0dd4c681b82214b36273c18ca7ee87065a50e013112eea7d78c7a1b89a739153",
                "sha256:0e51f608da093e5d9038c592b5b575cadc12fd748af1479b5e858045fff955a9",
                "sha256:0f3269304c1a7ce82f1759c12ce731ef9b6e95b6df829dccd9fe42912cc48569",
                "sha256:16a8df99701f9095bea8a6c4b3197da105df6f74e6176c5b410bc2df2fd29a57",
                "sha256:19005a8e58b7c1796bc0167862b1f54a64d3b44ee5d48152b06bb861458bc0f8",
                "sha256:1b4b4e9dda4f4e4c4e6896f93e84a8f0bcca3b059de9ddf67dac3c334b1195e1",
                "sha256:28676836c7796805914b76b1837a40f76827ee0d5398f72f7dcc634bae7c6264",
                "sha256:2968c58feca624bb6c8502f9564dd187d0e1389964898f5e9e1fbc8533169157",
                "sha256:3f4cc516e0b264c8d4ccd6b6cbc69a07c6d582d8337df79be1e15a5056b258c9",
                "sha256:3fa1284762aacca6dc97474ee9c16f83990b8eeb6697f2ba17140d54b453e133",
                "sha256:43521ce2c4b865d385e78579a082b6ad1166ebed2b1a2293c3be1d68dd7ca3b9",
                "sha256:451f10ef963918e65b8869e17d67db5e2f4ab40e716ee6ce7129b0cde2876eab",
                "sha256:46c259e87199041583658457372a183636ae8cd56dbf3f0755e0f376a7f9d0e6",
                "sha256:46f39cab8bbf4a384ba7cb0bc8bae7b7062b6a11cfac1ca4bc144dea90d4a9f5",
                "sha256:519e14e2c49fcf7616d6d2cfc5c70adae95682ae20f0395e9280db85e8d6c4df",
                "sha256:53dcb50fbdc3fb2c55431a9b30caeb2f7027fcd2aeb501459464f0214200a503",
                "sha256:54614444887e0d3043557d9dbc697dbb16cfb5a35d672b7a0fcc1ed0cf1c600b",
                "sha256:575d8912dca808edd9acd6f7795199332696d3469665ef26163cd090fa1f8bfa",
                "sha256:5dd5a9c3091a0f414a963d427f920368e2b6a4c2f7527fdd82cde8ef0bc7a327",
                "sha256:5f532a2ad4d174eb73494e7397988e22bf427f91acc8e6ebf5bb10597b49c493",
                "sha256:60e7da3a3ad1812c128750fc1bc14a7ceeb8d29f77e0a2356a8fb2aa8925287d",
                "sha256:653d7fb2df65efefbcbf81ef5fe5e5be931f1ee4332c2893ca638c9b11a409c4",
                "sha256:6663977496d616b618b6cfa43ec86e479ee62b942e1da76a2c3daa1c75933ef4",
                "sha256:6abfb51a82e919e3933eb137e17c4ae9c0475a25508ea88993bb59faf82f3b35",
                "sha256:6c6b1389ed66cdd174d040105123a5a1bc91d0aa7059c7261d20e583b6d8cbd2",
                "sha256:6d9dfb9959a3b0039ee06c1a1a90dc23bac3b430842dcb97908ddde05870601c",
                "sha256:765cb54c0b8724a7c12c55146ae4647e0274a839fb6de7bcba841e04298e1011",
                "sha256:7a21222644ab69ddd9967cfe6f2bb420b460dae4289c9d40ff9a4896e7c35c9a",
                "sha256:7ac7594397698f77bce84382929747130765f66406dc2cd8b4ab4da68ade4c6e",
                "sha256:7cfc287da09f9d2a7ec146ee4d72d6ea1342e770d975e49a8621bf54eaa8f30f",
                "sha256:83125753a60cfc8c412de5896d10a0a405e0bd88d0470ad82e0869ddf0cb3848",
                "sha256:847b114580c5cc9ebaf216dd8c8dbc6b00a3b7ab0131e173d7120e6deade1f57",
                "sha256:87708d78a14d56a990fbf4f9cb350b7d89ee8988705e58e39bdf4d82c149210f",
                "sha256:8a2b5874d17e72dfb80d917213abd55d7e1ed2479f38f001f264f7ce7bae757c",
                "sha256:8f127e7b028900421cad64f51f75c051b628db17fb00e099eb148761eed598c9",
                "sha256:94cdff45173b1919350601f82d61365e792895e3c3a3443cf99819e6fbf717a5",
                "sha256:99d92d148dd03fd19d16175b6d355cc1b01faf80dae93c6c3eb4163709edc0a9",
                "sha256:9a3049a10261d7f2b6514d35bbb7a4dfc3ece4c4de14ef5876c4b7a23a0e566d",
                "sha256:9d9a62576b68cd90f7075876f4e8444487db5eeea0e4df3ba298ee38a8d067b0",
                "sha256:9e5f94742033898bfe84c93c831a6f552bb629448d4072dd312306bab3bd96f1",
                "sha256:a1c2d7780448eb93fbcc3789bf3916aa5720d942e37945f4056680317f1cd23e",
                "sha256:a2e0f87144fcbbe54297cae708c5e7f9da21a4646523456b00cc956bd4c65815",
                "sha256:a4dfdae195335abb4e89cc9762b2edc524f3c6e80d647a9a81bf81e17e3fb6f0",
                "sha256:a96e6e23f2b79433390273eaf8cc94fec9c6370842e577ab10dabdcc7ea0a66b",
                "sha256:aabdab8ec1e7ca7f1434d042bf8b1e92056245fb179790dc97ed040361f16bfd",
                "sha256:b222090c455d6d1a64e6b7bb5f4035c4dff479e22455c9eaa1bdd4c75b52c80c",
                "sha256:b52ff4f4e002f828ea6483faf4c4e8deea8d743cf801b74910243c58acc6eda3",
                "sha256:b70756ec9417c34e097f987b4d8c510975216ad26ba6e57ccb53bc758f490dab",
                "sha256:b8c2f6eb0df979ee99433d8b3f6d193d9590f735cf12274c108bd954e30ca858",
                "sha256:b9b752ab91e78234941e44abdecc07f1f0d8f51fb62941d32995b8161f68cfe5",
                "sha256:ba6612b6548220ff5e9df85261bddc811a057b0b465a1226b39bfb8550616aee",
                "sha256:bd752c5ff1b4a870b7661234694f24b1d2b9076b8bf337321a814c612665f343",
                "sha256:c3c4ed2ff6760e98d262e0cc9c9a7f7b8a9f61aa4d47c58835cdaf7b0b8811bb",
                "sha256:c5c1362c14aee73f50143d74389b2c158707b4abce2cb055b7ad37ce60738d47",
                "sha256:cb362e3b0976dc994857391b776ddaa8c13c28a16f80ac6522c23d5257156bed",
                "sha256:d197df5489004db87d90b918033edbeee0bd6df3848a204bca3ff0a903bef837",
                "sha256:d3b56206244dc8711f7e8b7d6cad4663917cd5b2d950799425076681e8766286",
                "sha256:d5b2f8a31bd43e0f18172d8ac82347c8f37ef3e0b414431157718aa234991b28",
                "sha256:d7081c084ceb58278dd3cf81f836bc818978c0ccc770cbbb202125ddabec6628",
                "sha256:db74f5562c09953b2c5f8ec4b7dfd3f5421f31811e97d1dbc0a7c93d6e3a24df",
                "sha256:df41112ccce5d47770a0c13651479fbcd8793f34232a2dd9faeccb75eb5d0d0d",
                "sha256:e1339790c083c5a4de48f688b4841f18df839eb3c9584a770cbd818b33e26d5d",
                "sha256:e621b0246192d3b9cb1dc62c78cfa4c6f6d2ddc0ec207d43c0dedecb914f152a",
                "sha256:e8c5cf126889a4de385c02a2c3d3aba4b00f70234bfddae82a5eaa3ee6d5e3e6",
                "sha256:e9d7747847c53a16a729b6ee5e737cf170f7a16611c143d95aa60a109a59c336",
                "sha256:eaef5d2de3c7e9b21f1e762f289d17b726c2239a42b11e25446abf82b26ac132",
                "sha256:ed3e4b4e1e6de75fdc16d3259098de7c6571b1a6cc863b1a49e7d3d53e036070",
                "sha256:ef21af928e807f10bf4141cad4746eee692a0dd3ff56cfb25fce076ec3cc8abe",
                "sha256:f09598b416ba39a8f489c124447b007fe865f786a89dbfa48bb5cf395693132a",
                "sha256:f0caf4a5dcf610d96c3bd32932bfac8aee61c96e60481c2a0ea58da435e25acd",
                "sha256:f6e78171be3fb7941f9910ea15b4b14ec27725865a73c15277bc39f5ca4f8391",
                "sha256:f715c32e774a60a337b2bb8ad9839b4abf75b267a0f18806f6f4f5f1688c4b5a",
                "sha256:fb5c1ad6bad98c57482236a21bf985ab0ef42bd51f7ad4e4538e89a997624e12"
            ],
            "version": "==9.4.0"
        },
        "psd-tools": {
            "hashes": [
                "sha256:0741c8cd3832c27bce99b830910dd332c1c2f9c6bd1020e1aa6d53f67d02e3dd",
                "sha256:1126ef2d57b48c05668cfeef8aff41ca6120e8794e4e798ee9558e38267b053e",
                "sha256:116b688bdf876b020fd4045968e35a1ed6212f48b367ea2c511d2508e6e43398",
                "sha256:16afd82d75d146de8a03a972a770b6411f94be690cea5d5236d9d983f989d4f7",
                "sha256:1c4eac969e975069e598546381cd5a9c56e548354b02929c44acf32a6319fa60",
                "sha256:2d4bbb8e1441096cf896b8e21657582cdc14f7c1285fc00590b0f0846a05cae7",
                "sha256:3c4cec656354cd3325e392afa23902777f675823346d09f02fa4c0760c86fa05",
                "sha256:422ec67d93527a84ddbaee0f249b13a93332aea486d5a40ba4df83145224414d",
                "sha256:44a78f8346c00a5e6318245b199133ac6182bb64b0f2ecadcbdc92bb1ec503f9",
                "sha256:473c0e13a24bd9c4d0ab1aafee09d2a0ad9b18ad9625d27ae3e108a7d277ef25",
                "sha256:49615c34f1e6968c4f3d2b4b1701804879756695eca8011d9e99fd9557162620",
                "sha256:69687c48056783e4ded0f304501a1f1aff39288c5d263ce85fc29ac1509425dd",
                "sha256:69897a064be554e2d021c5bbc73e0275f2b4969b2b30ced9f993afe820fdfbd1",
                "sha256:6cbe36a95c86db7f43a0869d6587a492c548d68b362e1424a9f26068d3f6f8ae",
                "sha256:7fa81ba38388ac1760ae61229681f46a7fc2ed96cb2d435b616873a73e668b64",
                "sha256:9ab1c7213afa5f69a7f2a8f17982576ac349604ddc1d84cad6ec328a22d5c401",
                "sha256:9b6bff2bf67d17fd511c4a55b15051ab4292bb74f92269b168b2cf275d1efa2e",
                "sha256:9fb8c2b8e9ff3a4656ad52606fcc62be2f75f9586ff7cb4bc9dc922909546128",
                "sha256:a17726b494cbd74cfbb9fac019ae9719e1087dfc1e9055e24d69068c62c790ef",
                "sha256:b04da48037d563ef7ef4006d9d5a4922a4c89106451f005764ee973630a3b813",
                "sha256:b4501ecaef9a9a8d5b6e5c4b518b14fa6505f21accd4681bef48ad9a0e413ba3",
                "sha256:b5c9a9427dba1ddc8c69200bfbb9c7551bab48c4fac6022feecda42db772ba85",
                "sha256:baadce2eee5ee7f5df79b8ac31166109f641eae19746bf96b797fe8608cd1528",
                "sha256:bf4ecfdeac3a8f8c5a36f14d3d8241236e512cde1ad196055f422c0565b2870b",
                "sha256:c9244c13d16e451c7e42f074aa0fe764806c775bba3fa667934aee679c965678",
                "sha256:d282d1144c2eb83fe97f91c231531da48ec6b8fabf4809ec52d8bcd1ddd8c701"
            ],
            "version": "==1.8.38"
        },
        "pyxdelta": {
            "hashes": [
                "sha256:054ab20b27fb85f9718f37fe2be96bf3a7d667192e410167e39b5bf56309b56d",
                "sha256:054c2fb424c8fcd4e7e956dbbdcdc4c1e6a62c4b5b144be3a3a293daed02d3a5",
                "sha256:091d632d2d030c695e3fe3b63303ca46e3d8fec0631cf7e67f4e7a30f7f8986b",
                "sha256:0b9bb0b6edd6c0961d07394f2a2127c603a8ee5b265dcb319501b18d57d57988",
                "sha256:0ba8c90ec2d20f33a1dc46cc489cd96428af53ddecd56e09d56898ced052cf9d",
                "sha256:0f19005277ca10352f307f96ceaa56bed3740a4e59395040fc7f0079993e448b",
                "sha256:1a33772caf2f8623e51bc156dc2e51cd3a99d368fd81121cabcd6fa1b55988c2",
                "sha256:1c0edc054469e697cd244528fc5272141576ccf282c040653604280cf4e8ac25",
                "sha256:2706f25275144ecea87c4684587b9c7ae97bfe9078f26a64d54f599d7cf0a034",
                "sha256:2b8714e1863afc3fbb86071dea32f0fc1b8c2f8913a052308691698cfd62e14d",
                "sha256:2bab07c105a409404f847a15d59fc824be273b7007a5b8476883455c866121f1",
                "sha256:35360ceecbf4a0e48d2fe469215a4d53a051bf25bc9dcfccf7d736903cec7e04",
                "sha256:3a61f71214a66c64d4338bb2f3c2e129ab676c59c6001949726d2fdbc4919ac2",
                "sha256:3fe07f45a6f5ae2105627320a6d5219ecafc508542d3065509519dd726ef2f64",
                "sha256:408ae83e7bc5a85411fc2fb2d17c542bbc5f3e6d3d6b016f456673295643414d",
                "sha256:5089c9d7f89bc5f1b600d2883206a7cc4b706865980ea972df9758bd82d3ce9d",
                "sha256:5275839358838f03f9e6c010577f0877dab9ae1b4534c56ada3121e55039945f",
                "sha256:530160868aa5eaf8e2a9fc60a5970d452b7ef41cfd16aad0a2f783ec1131fa23",
                "sha256:54d4e61316fe3cb977398f3d0230c85c9deeb4d2bd287ebbbe252afbdc6f7467",
                "sha256:5af000b4acf865c6b1bba544d19d357324db2743c53c5aeddccef52623a22133",
                "sha256:631c2f838d5d819d6c925569dfd5dd185b31ff3104268bc54445e45f36298a59",
                "sha256:693c8ba93ec989d90d49241f823546a7a9d30038f11b9e615fee7582c55fb970",
                "sha256:6bb5125515aeb97def63fd832e73380f2610be96f761f9752fa10c3f8846ce20",
                "sha256:6e1425db96f3e4a068f84245bec2f547298a27c5a198a93deddb769cec21103f",
                "sha256:7107157ad81af3217d8e4cb0af4762f93dd5cf710b26efc9fd915a0f7e51dc1e",
                "sha256:7735c6feac1a2464e9ac1689e38f401cbfa49dabb83a37744990a0dde604a047",
                "sha256:8274e3cf86985024f4540a1491ebcf96167c891a1f4e8a7b8b2cbc9466d7a575",
                "sha256:829f9f7f1e5ae66fcf281e2429d523171adcdc2ed1112a8b943be3a46ac3ab67",
                "sha256:8308baf6615092fc04bcee825c8fe5a05b0c6bebac34b38e5a67119fb783f285",
                "sha256:8407c7ef6f49a0ce9261c9a14cf8b29630439d717cba0caa6941454f922e7e1e",
                "sha256:8494d31b5a83466b076c1d1570ba985edc6a386faaee466e7ee4439d073e12fa",
                "sha256:84cbc2ccd2e7a8a63f160ce86d0a6534bcde1e7d2504eb4e2e6e365fef608bcf",
                "sha256:856d0732f010640c2d9a697f036f96b6eb54bb8c4ad5fbb82a9edebda5e8130b",
                "sha256:8e5afc13bd7291106d578e6a576f8d209d98919d51c21752d12bec33731d46da",
                "sha256:906a95e29b210078ada558838c43df0623ee213243b27d75f4b75af2e2dd4593",
                "sha256:98c1b5a72c662d15ed0d6c10254cf8a036528fba7df8ac9607dca6a53bf98c00",
                "sha256:9a0bcedc11dfccc3f3077e302ce202ac6fcde928a0b0f65ad4c2b6a2c7529a2d",
                "sha256:9a49dc111e587f3c2b9d9107c6867755c10c0d6c04e440a7e7fddbefb48e8459",
                "sha256:9bd2cb8df8e1f622f64cd73b72ae842053c6c4bc1c5a5718c6f03bdaf0e11f69",
                "sha256:a719e00c7a274b3e794c24c176acbdc4b3c5f0afc8cb03e4987264528daf7d0c",
                "sha256:a7f97a597b97f17a5da26c0c53592d3a59acd9b08bca9f8617359bde44d6678c",
                "sha256:b4ee7e66f411e3f6251ab2de1d510997d7c5c89d802d9ec9c564e411f31bad4e",
                "sha256:c235b25d17f7d6d2f9a6132ca1646870419c95a9b749bcfa00b3156d23c03b76",
                "sha256:c263c0f19d2ee8eb248d3f211d78535073272b6aea4895abb6b52ce6fed9fc7d",
                "sha256:c76791f06b0b8a37556546db48ba6231d902a7e6b2ada3c5355a94d389e4794e",
                "sha256:ce0f8ac141d2c15613ef990a045f32f64b6e4a4b95a1baf540221f2b6a1c0806",
                "sha256:d75cad05e27bea0f02b823a3364a53c980c2d0abb58f6a614cae1b70a93b6a00",
                "sha256:d9e571b1db284833c42b8e044648561c2672ec2f6991495fdffebfabac16b064",
                "sha256:da5bd851bd4729541e525721a56c7a4dbd6c3d9c5807a6143cc530c3a08018c1",
                "sha256:e4711d8bcb35d73a47a7169a2db36f25104e2cb6d0ecbff2441835d4f39dd876",
                "sha256:ee8b35a44e959797a3210fc0010e2b9fe540986be4d8c18b4abe9205d42f50ea",
                "sha256:f1ae12ea3c59d23892cd4d841e44f2c490a6ee1c072a5315111c4d4a35fd3bbd",
                "sha256:f3540660fd9a6043f9b4853616bcefd7a9c0c58ba9d4bea3e0e8c8f2c4db8d8c",
                "sha256:fb199bbd46786ff7d5567c000cdd10964d91de25e2944ce78c70ddb6fcb036ed",
                "sha256:fde9669485d087f844b360ffd710b9a145c5b467274d7bda14c62befaf3fa8e9"
            ],
            "version": "==0.1.1"
        },
        "tqdm": {
            "hashes": [
                "sha256:5f4f682a004951c1b450bc753c710e9280c5746ce6ffedee253ddbcbf54cf1e4",
                "sha256:6fee160d6ffcd1b1c68c65f14c829c22832bc401726335ce92c52d395944a6a1"
            ],
            "markers": "python_version >= '2.7' and python_version not in '3.0, 3.1, 3.2, 3.3'",
            "version": "==4.64.1"
        }
    },
    "develop": {}
}
